# This file was autogenerated by uv via the following command:
#    python3 -m jobs.qwen35b_moe.lock_dependencies
causal-conv1d==1.6.2.post1 \
    --hash=sha256:245e314ea21064ded7a5bf6b3b842b644aa6f92e45cecfe3e935629744c35ff4
flash-attn==2.8.3.post1 \
    --hash=sha256:55d5103ed846da8b56e0797acf4bde07dee4b1c7e8907fcfc6699c203030c348
flash-linear-attention==0.5.2 \
    --hash=sha256:c053d3a75c8f5b725063f719ae6bce0f4d9dac6da32735be8ae7d485a6c9820f \
    --hash=sha256:dcf405d81f5426393b59037097aa700d0f4a841465d5028d5aa543f4502f2400
flash-qla==0.1.2 \
    --hash=sha256:fb9dfa8607df9c545cd583dd8c0248ac9b0b673a8fb0af042ba9ef07bbc30446
